id: ettus_rfnoc_fft
label: RFNoC Fast Fourier Transform Block

templates:
  imports: |-
    import ettus
    from gnuradio import uhd
  make: |-
    ettus.rfnoc_block_generic(
        self.rfnoc_graph,
        uhd.device_addr(${block_args}),
        "FFT",
        ${device_select},
        ${instance_index})
    self.${id}.set_int_property('length', ${fft_length})
    self.${id}.set_int_property('direction', ${fft_direction.val})
    self.${id}.set_int_property('magnitude', ${fft_magnitude.val})
    self.${id}.set_int_property('fft_scaling', ${fft_scaling})
    self.${id}.set_int_property('shift_config', ${fft_shift_config.val})
  callbacks:
    - set_int_property('length', ${fft_length})
    - set_int_property('direction', ${fft_direction.val})
    - set_int_property('magnitude', ${fft_magnitude.val})
    - set_int_property('fft_scaling', ${fft_scaling})
    - set_int_property('shift_config', ${fft_shift_config.val})

parameters:
- id: num_chans
  label: Number of Channels
  dtype: int
  default: 1
- id: block_args
  label: Block Args
  dtype: string
  default: ""
- id: device_select
  label: Device Select
  dtype: int
  default: -1
- id: instance_index
  label: Instance Select
  dtype: int
  default: -1
- id: fft_length
  label: FFT Length
  dtype: int
  default: 256
- id: fft_direction
  label: FFT Direction
  dtype: enum
  default: 'FORWARD'
  options: ['REVERSE', 'FORWARD']
  option_labels: ['Reverse', 'Forward']
  option_attributes:
    val: [0, 1]
- id: fft_magnitude
  label: FFT Magnitude Mode
  dtype: enum
  default: 'COMPLEX'
  options: ['COMPLEX', 'MAGNITUDE', 'MAGNITUDE_SQUARED']
  option_labels: ['Complex', 'Magnitude', 'Mag Squared']
  option_attributes:
    val: [0, 1, 2]
- id: fft_shift_config
  label: FFT Shift Configuration
  dtype: enum
  default: 'NORMAL'
  options: ['NORMAL', 'REVERSE', 'NATURAL']
  option_labels: ['Normal', 'Reverse', 'Natural']
  option_attributes:
    val: [0, 1, 2]
- id: fft_scaling
  label: FFT Scaling Schedule
  dtype: int
  default: 1706

inputs:
- domain: rfnoc
  dtype: 'sc16'
  multiplicity: ${num_chans}

outputs:
- domain: rfnoc
  dtype: 'sc16'
  multiplicity: ${num_chans}

file_format: 1
