# auto-generated by grc.converter

id: ettus_rfnoc_pdu_tx
label: 'RFNoC: PDU TX'

parameters:
-   id: block_index
    label: FIFO Select
    category: RFNoC Config
    dtype: int
    default: '-1'
    hide: ${ ('part' if int(block_index) < 0 else 'none') }
-   id: type
    label: Host Data Type
    dtype: enum
    options: [fc32, sc16, u8, item32]
    option_labels: [Complex float32, Complex int16, Byte, VITA word32]
    option_attributes:
        type: [complex, sc16, byte, s32]
    hide: part
-   id: otw_format
    label: Device Format
    dtype: enum
    options: [sc16, sc8, u8]
    option_labels: [Complex int16, Complex int8, Byte]
-   id: device_index
    label: Device Select
    category: RFNoC Config
    dtype: int
    default: '-1'
    hide: ${ ('part' if int(device_index) < 0 else 'none') }
-   id: grvlen
    label: Force Vector Length
    dtype: int
    default: '1'
    hide: ${ 'part' if grvlen == 1 else 'none' }

inputs:
-   domain: message
    id: data
    optional: true

outputs:
-   domain: rfnoc
    dtype: ${ type.type }
    vlen: ${ grvlen }

templates:
    imports: import ettus
    make: |-
        ettus.rfnoc_pdu_tx(
            self.device3,
            uhd.stream_args( # Tx Stream Args
                cpu_format="${type}",
                otw_format="${otw_format}",
                args=""
            ),
            uhd.stream_args( # Rx Stream Args
                cpu_format="${type}",
                otw_format="${otw_format}",
                args=""
            ),
            "FIFO",
            ${block_index}, ${device_index}
        )

file_format: 1
